
Microsoft Visual Studio Solution File, Format Version 12.00
# Visual Studio Version 17
VisualStudioVersion = 17.0.31903.59
MinimumVisualStudioVersion = 10.0.40219.1
Project("{2150E333-8FDC-42A3-9474-1A3956D46DE8}") = "src", "src", "{45BE6109-402A-4AF9-BD87-E7F81C1838C1}"
EndProject
Project("{FAE04EC0-301F-11D3-BF4B-00C04F79EFBC}") = "Day01", "src\Day01\Day01.csproj", "{192C6AD5-3A8A-446D-BF0D-51C3EEC6EDF8}"
EndProject
Project("{FAE04EC0-301F-11D3-BF4B-00C04F79EFBC}") = "Day02", "src\Day02\Day02.csproj", "{3DAF473F-E063-47EE-ADC7-5C7F8086016F}"
EndProject
Project("{FAE04EC0-301F-11D3-BF4B-00C04F79EFBC}") = "Day03", "src\Day03\Day03.csproj", "{356942A2-51D9-4A11-A3CE-853C48DF3CFA}"
EndProject
Project("{FAE04EC0-301F-11D3-BF4B-00C04F79EFBC}") = "Day04", "src\Day04\Day04.csproj", "{EBCA8A53-26D9-4FC0-942F-9B1DA5C8A136}"
EndProject
Project("{FAE04EC0-301F-11D3-BF4B-00C04F79EFBC}") = "Day05", "src\Day05\Day05.csproj", "{CC949906-E4FB-4D6C-A5E8-ECC0FDD3A665}"
EndProject
Project("{FAE04EC0-301F-11D3-BF4B-00C04F79EFBC}") = "Day06", "src\Day06\Day06.csproj", "{C43845C5-40BA-415A-98E7-44B8637FC8D7}"
EndProject
Global
	GlobalSection(SolutionConfigurationPlatforms) = preSolution
		Debug|Any CPU = Debug|Any CPU
		Release|Any CPU = Release|Any CPU
	EndGlobalSection
	GlobalSection(SolutionProperties) = preSolution
		HideSolutionNode = FALSE
	EndGlobalSection
	GlobalSection(ProjectConfigurationPlatforms) = postSolution
		{192C6AD5-3A8A-446D-BF0D-51C3EEC6EDF8}.Debug|Any CPU.ActiveCfg = Debug|Any CPU
		{192C6AD5-3A8A-446D-BF0D-51C3EEC6EDF8}.Debug|Any CPU.Build.0 = Debug|Any CPU
		{192C6AD5-3A8A-446D-BF0D-51C3EEC6EDF8}.Release|Any CPU.ActiveCfg = Release|Any CPU
		{192C6AD5-3A8A-446D-BF0D-51C3EEC6EDF8}.Release|Any CPU.Build.0 = Release|Any CPU
		{3DAF473F-E063-47EE-ADC7-5C7F8086016F}.Debug|Any CPU.ActiveCfg = Debug|Any CPU
		{3DAF473F-E063-47EE-ADC7-5C7F8086016F}.Debug|Any CPU.Build.0 = Debug|Any CPU
		{3DAF473F-E063-47EE-ADC7-5C7F8086016F}.Release|Any CPU.ActiveCfg = Release|Any CPU
		{3DAF473F-E063-47EE-ADC7-5C7F8086016F}.Release|Any CPU.Build.0 = Release|Any CPU
		{356942A2-51D9-4A11-A3CE-853C48DF3CFA}.Debug|Any CPU.ActiveCfg = Debug|Any CPU
		{356942A2-51D9-4A11-A3CE-853C48DF3CFA}.Debug|Any CPU.Build.0 = Debug|Any CPU
		{356942A2-51D9-4A11-A3CE-853C48DF3CFA}.Release|Any CPU.ActiveCfg = Release|Any CPU
		{356942A2-51D9-4A11-A3CE-853C48DF3CFA}.Release|Any CPU.Build.0 = Release|Any CPU
		{EBCA8A53-26D9-4FC0-942F-9B1DA5C8A136}.Debug|Any CPU.ActiveCfg = Debug|Any CPU
		{EBCA8A53-26D9-4FC0-942F-9B1DA5C8A136}.Debug|Any CPU.Build.0 = Debug|Any CPU
		{EBCA8A53-26D9-4FC0-942F-9B1DA5C8A136}.Release|Any CPU.ActiveCfg = Release|Any CPU
		{EBCA8A53-26D9-4FC0-942F-9B1DA5C8A136}.Release|Any CPU.Build.0 = Release|Any CPU
		{CC949906-E4FB-4D6C-A5E8-ECC0FDD3A665}.Debug|Any CPU.ActiveCfg = Debug|Any CPU
		{CC949906-E4FB-4D6C-A5E8-ECC0FDD3A665}.Debug|Any CPU.Build.0 = Debug|Any CPU
		{CC949906-E4FB-4D6C-A5E8-ECC0FDD3A665}.Release|Any CPU.ActiveCfg = Release|Any CPU
		{CC949906-E4FB-4D6C-A5E8-ECC0FDD3A665}.Release|Any CPU.Build.0 = Release|Any CPU
		{C43845C5-40BA-415A-98E7-44B8637FC8D7}.Debug|Any CPU.ActiveCfg = Debug|Any CPU
		{C43845C5-40BA-415A-98E7-44B8637FC8D7}.Debug|Any CPU.Build.0 = Debug|Any CPU
		{C43845C5-40BA-415A-98E7-44B8637FC8D7}.Release|Any CPU.ActiveCfg = Release|Any CPU
		{C43845C5-40BA-415A-98E7-44B8637FC8D7}.Release|Any CPU.Build.0 = Release|Any CPU
	EndGlobalSection
	GlobalSection(NestedProjects) = preSolution
		{192C6AD5-3A8A-446D-BF0D-51C3EEC6EDF8} = {45BE6109-402A-4AF9-BD87-E7F81C1838C1}
		{3DAF473F-E063-47EE-ADC7-5C7F8086016F} = {45BE6109-402A-4AF9-BD87-E7F81C1838C1}
		{356942A2-51D9-4A11-A3CE-853C48DF3CFA} = {45BE6109-402A-4AF9-BD87-E7F81C1838C1}
		{EBCA8A53-26D9-4FC0-942F-9B1DA5C8A136} = {45BE6109-402A-4AF9-BD87-E7F81C1838C1}
		{CC949906-E4FB-4D6C-A5E8-ECC0FDD3A665} = {45BE6109-402A-4AF9-BD87-E7F81C1838C1}
		{C43845C5-40BA-415A-98E7-44B8637FC8D7} = {45BE6109-402A-4AF9-BD87-E7F81C1838C1}
	EndGlobalSection
EndGlobal
